
Microsoft Visual Studio Solution File, Format Version 12.00
# Visual Studio 15
VisualStudioVersion = 15.0.27428.2005
MinimumVisualStudioVersion = 10.0.40219.1
Project("{FAE04EC0-301F-11D3-BF4B-00C04F79EFBC}") = "CoffeeBytes.BindableMap.Abstractions", "CoffeeBytes.BindableMap.Abstractions\CoffeeBytes.BindableMap.Abstractions.csproj", "{DB98C5CE-C22A-40BF-9BA9-95C418F0F0AE}"
EndProject
Project("{FAE04EC0-301F-11D3-BF4B-00C04F79EFBC}") = "CoffeeBytes.BindableMap.Android", "CoffeeBytes.BindableMap.Android\CoffeeBytes.BindableMap.Android.csproj", "{909115FE-DAC4-4A76-B5F5-785A121EA9B9}"
EndProject
Project("{FAE04EC0-301F-11D3-BF4B-00C04F79EFBC}") = "CoffeeBytes.BindableMap.iOS", "CoffeeBytes.BindableMap.iOS\CoffeeBytes.BindableMap.iOS.csproj", "{60C2B31A-2BBD-4385-B9AA-934C12566946}"
EndProject
Project("{FAE04EC0-301F-11D3-BF4B-00C04F79EFBC}") = "CoffeeBytes.BindableMap.UWP", "CoffeeBytes.BindableMap.UWP\CoffeeBytes.BindableMap.UWP.csproj", "{2290DE89-6F6E-4F55-92EA-7CED3E332D96}"
EndProject
Global
	GlobalSection(SolutionConfigurationPlatforms) = preSolution
		Debug|Any CPU = Debug|Any CPU
		Debug|ARM = Debug|ARM
		Debug|x64 = Debug|x64
		Debug|x86 = Debug|x86
		Release|Any CPU = Release|Any CPU
		Release|ARM = Release|ARM
		Release|x64 = Release|x64
		Release|x86 = Release|x86
	EndGlobalSection
	GlobalSection(ProjectConfigurationPlatforms) = postSolution
		{DB98C5CE-C22A-40BF-9BA9-95C418F0F0AE}.Debug|Any CPU.ActiveCfg = Debug|Any CPU
		{DB98C5CE-C22A-40BF-9BA9-95C418F0F0AE}.Debug|Any CPU.Build.0 = Debug|Any CPU
		{DB98C5CE-C22A-40BF-9BA9-95C418F0F0AE}.Debug|ARM.ActiveCfg = Debug|Any CPU
		{DB98C5CE-C22A-40BF-9BA9-95C418F0F0AE}.Debug|ARM.Build.0 = Debug|Any CPU
		{DB98C5CE-C22A-40BF-9BA9-95C418F0F0AE}.Debug|x64.ActiveCfg = Debug|Any CPU
		{DB98C5CE-C22A-40BF-9BA9-95C418F0F0AE}.Debug|x64.Build.0 = Debug|Any CPU
		{DB98C5CE-C22A-40BF-9BA9-95C418F0F0AE}.Debug|x86.ActiveCfg = Debug|Any CPU
		{DB98C5CE-C22A-40BF-9BA9-95C418F0F0AE}.Debug|x86.Build.0 = Debug|Any CPU
		{DB98C5CE-C22A-40BF-9BA9-95C418F0F0AE}.Release|Any CPU.ActiveCfg = Release|Any CPU
		{DB98C5CE-C22A-40BF-9BA9-95C418F0F0AE}.Release|Any CPU.Build.0 = Release|Any CPU
		{DB98C5CE-C22A-40BF-9BA9-95C418F0F0AE}.Release|ARM.ActiveCfg = Release|Any CPU
		{DB98C5CE-C22A-40BF-9BA9-95C418F0F0AE}.Release|ARM.Build.0 = Release|Any CPU
		{DB98C5CE-C22A-40BF-9BA9-95C418F0F0AE}.Release|x64.ActiveCfg = Release|Any CPU
		{DB98C5CE-C22A-40BF-9BA9-95C418F0F0AE}.Release|x64.Build.0 = Release|Any CPU
		{DB98C5CE-C22A-40BF-9BA9-95C418F0F0AE}.Release|x86.ActiveCfg = Release|Any CPU
		{DB98C5CE-C22A-40BF-9BA9-95C418F0F0AE}.Release|x86.Build.0 = Release|Any CPU
		{909115FE-DAC4-4A76-B5F5-785A121EA9B9}.Debug|Any CPU.ActiveCfg = Debug|Any CPU
		{909115FE-DAC4-4A76-B5F5-785A121EA9B9}.Debug|Any CPU.Build.0 = Debug|Any CPU
		{909115FE-DAC4-4A76-B5F5-785A121EA9B9}.Debug|ARM.ActiveCfg = Debug|Any CPU
		{909115FE-DAC4-4A76-B5F5-785A121EA9B9}.Debug|ARM.Build.0 = Debug|Any CPU
		{909115FE-DAC4-4A76-B5F5-785A121EA9B9}.Debug|x64.ActiveCfg = Debug|Any CPU
		{909115FE-DAC4-4A76-B5F5-785A121EA9B9}.Debug|x64.Build.0 = Debug|Any CPU
		{909115FE-DAC4-4A76-B5F5-785A121EA9B9}.Debug|x86.ActiveCfg = Debug|Any CPU
		{909115FE-DAC4-4A76-B5F5-785A121EA9B9}.Debug|x86.Build.0 = Debug|Any CPU
		{909115FE-DAC4-4A76-B5F5-785A121EA9B9}.Release|Any CPU.ActiveCfg = Release|Any CPU
		{909115FE-DAC4-4A76-B5F5-785A121EA9B9}.Release|Any CPU.Build.0 = Release|Any CPU
		{909115FE-DAC4-4A76-B5F5-785A121EA9B9}.Release|ARM.ActiveCfg = Release|Any CPU
		{909115FE-DAC4-4A76-B5F5-785A121EA9B9}.Release|ARM.Build.0 = Release|Any CPU
		{909115FE-DAC4-4A76-B5F5-785A121EA9B9}.Release|x64.ActiveCfg = Release|Any CPU
		{909115FE-DAC4-4A76-B5F5-785A121EA9B9}.Release|x64.Build.0 = Release|Any CPU
		{909115FE-DAC4-4A76-B5F5-785A121EA9B9}.Release|x86.ActiveCfg = Release|Any CPU
		{909115FE-DAC4-4A76-B5F5-785A121EA9B9}.Release|x86.Build.0 = Release|Any CPU
		{60C2B31A-2BBD-4385-B9AA-934C12566946}.Debug|Any CPU.ActiveCfg = Debug|Any CPU
		{60C2B31A-2BBD-4385-B9AA-934C12566946}.Debug|Any CPU.Build.0 = Debug|Any CPU
		{60C2B31A-2BBD-4385-B9AA-934C12566946}.Debug|ARM.ActiveCfg = Debug|Any CPU
		{60C2B31A-2BBD-4385-B9AA-934C12566946}.Debug|ARM.Build.0 = Debug|Any CPU
		{60C2B31A-2BBD-4385-B9AA-934C12566946}.Debug|x64.ActiveCfg = Debug|Any CPU
		{60C2B31A-2BBD-4385-B9AA-934C12566946}.Debug|x64.Build.0 = Debug|Any CPU
		{60C2B31A-2BBD-4385-B9AA-934C12566946}.Debug|x86.ActiveCfg = Debug|Any CPU
		{60C2B31A-2BBD-4385-B9AA-934C12566946}.Debug|x86.Build.0 = Debug|Any CPU
		{60C2B31A-2BBD-4385-B9AA-934C12566946}.Release|Any CPU.ActiveCfg = Release|Any CPU
		{60C2B31A-2BBD-4385-B9AA-934C12566946}.Release|Any CPU.Build.0 = Release|Any CPU
		{60C2B31A-2BBD-4385-B9AA-934C12566946}.Release|ARM.ActiveCfg = Release|Any CPU
		{60C2B31A-2BBD-4385-B9AA-934C12566946}.Release|ARM.Build.0 = Release|Any CPU
		{60C2B31A-2BBD-4385-B9AA-934C12566946}.Release|x64.ActiveCfg = Release|Any CPU
		{60C2B31A-2BBD-4385-B9AA-934C12566946}.Release|x64.Build.0 = Release|Any CPU
		{60C2B31A-2BBD-4385-B9AA-934C12566946}.Release|x86.ActiveCfg = Release|Any CPU
		{60C2B31A-2BBD-4385-B9AA-934C12566946}.Release|x86.Build.0 = Release|Any CPU
		{2290DE89-6F6E-4F55-92EA-7CED3E332D96}.Debug|Any CPU.ActiveCfg = Debug|Any CPU
		{2290DE89-6F6E-4F55-92EA-7CED3E332D96}.Debug|Any CPU.Build.0 = Debug|Any CPU
		{2290DE89-6F6E-4F55-92EA-7CED3E332D96}.Debug|ARM.ActiveCfg = Debug|ARM
		{2290DE89-6F6E-4F55-92EA-7CED3E332D96}.Debug|ARM.Build.0 = Debug|ARM
		{2290DE89-6F6E-4F55-92EA-7CED3E332D96}.Debug|x64.ActiveCfg = Debug|x64
		{2290DE89-6F6E-4F55-92EA-7CED3E332D96}.Debug|x64.Build.0 = Debug|x64
		{2290DE89-6F6E-4F55-92EA-7CED3E332D96}.Debug|x86.ActiveCfg = Debug|x86
		{2290DE89-6F6E-4F55-92EA-7CED3E332D96}.Debug|x86.Build.0 = Debug|x86
		{2290DE89-6F6E-4F55-92EA-7CED3E332D96}.Release|Any CPU.ActiveCfg = Release|Any CPU
		{2290DE89-6F6E-4F55-92EA-7CED3E332D96}.Release|Any CPU.Build.0 = Release|Any CPU
		{2290DE89-6F6E-4F55-92EA-7CED3E332D96}.Release|ARM.ActiveCfg = Release|ARM
		{2290DE89-6F6E-4F55-92EA-7CED3E332D96}.Release|ARM.Build.0 = Release|ARM
		{2290DE89-6F6E-4F55-92EA-7CED3E332D96}.Release|x64.ActiveCfg = Release|x64
		{2290DE89-6F6E-4F55-92EA-7CED3E332D96}.Release|x64.Build.0 = Release|x64
		{2290DE89-6F6E-4F55-92EA-7CED3E332D96}.Release|x86.ActiveCfg = Release|x86
		{2290DE89-6F6E-4F55-92EA-7CED3E332D96}.Release|x86.Build.0 = Release|x86
	EndGlobalSection
	GlobalSection(SolutionProperties) = preSolution
		HideSolutionNode = FALSE
	EndGlobalSection
	GlobalSection(ExtensibilityGlobals) = postSolution
		SolutionGuid = {D3DCDBEE-B9F6-42B0-980B-849A0466C1C9}
	EndGlobalSection
EndGlobal
